
Microsoft Visual Studio Solution File, Format Version 12.00
# Visual Studio 15
VisualStudioVersion = 15.0.28307.136
MinimumVisualStudioVersion = 10.0.40219.1
Project("{FAE04EC0-301F-11D3-BF4B-00C04F79EFBC}") = "WebDriverTesting", "WebDriverTesting\WebDriverTesting.csproj", "{114A37E5-9A9B-4D4C-AF2D-4FD23BAF1529}"
EndProject
Global
	GlobalSection(SolutionConfigurationPlatforms) = preSolution
		Debug|Any CPU = Debug|Any CPU
		Release|Any CPU = Release|Any CPU
	EndGlobalSection
	GlobalSection(ProjectConfigurationPlatforms) = postSolution
		{114A37E5-9A9B-4D4C-AF2D-4FD23BAF1529}.Debug|Any CPU.ActiveCfg = Debug|Any CPU
		{114A37E5-9A9B-4D4C-AF2D-4FD23BAF1529}.Debug|Any CPU.Build.0 = Debug|Any CPU
		{114A37E5-9A9B-4D4C-AF2D-4FD23BAF1529}.Release|Any CPU.ActiveCfg = Release|Any CPU
		{114A37E5-9A9B-4D4C-AF2D-4FD23BAF1529}.Release|Any CPU.Build.0 = Release|Any CPU
	EndGlobalSection
	GlobalSection(SolutionProperties) = preSolution
		HideSolutionNode = FALSE
	EndGlobalSection
	GlobalSection(ExtensibilityGlobals) = postSolution
		SolutionGuid = {81D251AC-0FF1-4EDD-AA93-980E47E47E7E}
	EndGlobalSection
EndGlobal
